// !$*UTF8*$!
{
	archiveVersion = 1;
	classes = {
	};
	objectVersion = 56;
	objects = {

/* Begin PBXBuildFile section */
		02528E4229E89BAD0058878D /* AppDelegate.swift in Sources */ = {isa = PBXBuildFile; fileRef = 02528E4129E89BAD0058878D /* AppDelegate.swift */; };
		02528E4429E89BAD0058878D /* SceneDelegate.swift in Sources */ = {isa = PBXBuildFile; fileRef = 02528E4329E89BAD0058878D /* SceneDelegate.swift */; };
		02528E4629E89BAD0058878D /* LoginViewController.swift in Sources */ = {isa = PBXBuildFile; fileRef = 02528E4529E89BAD0058878D /* LoginViewController.swift */; };
		02528E4929E89BAD0058878D /* Main.storyboard in Resources */ = {isa = PBXBuildFile; fileRef = 02528E4729E89BAD0058878D /* Main.storyboard */; };
		02528E4B29E89BAF0058878D /* Assets.xcassets in Resources */ = {isa = PBXBuildFile; fileRef = 02528E4A29E89BAF0058878D /* Assets.xcassets */; };
		02528E4E29E89BAF0058878D /* LaunchScreen.storyboard in Resources */ = {isa = PBXBuildFile; fileRef = 02528E4C29E89BAF0058878D /* LaunchScreen.storyboard */; };
		02DCAF0829F699AA001ED6C0 /* UserViewController.swift in Sources */ = {isa = PBXBuildFile; fileRef = 02DCAF0729F699AA001ED6C0 /* UserViewController.swift */; };
		70C76AEC29F1B17E00AAF720 /* ParseSwift in Frameworks */ = {isa = PBXBuildFile; productRef = 70C76AEB29F1B17E00AAF720 /* ParseSwift */; };
		70C76AEF29F1BF5D00AAF720 /* User.swift in Sources */ = {isa = PBXBuildFile; fileRef = 70C76AEE29F1BF5D00AAF720 /* User.swift */; };
		70C76AF129F1C20900AAF720 /* SignUpViewController.swift in Sources */ = {isa = PBXBuildFile; fileRef = 70C76AF029F1C20900AAF720 /* SignUpViewController.swift */; };
		70C76AF329F4D00300AAF720 /* MainViewController.swift in Sources */ = {isa = PBXBuildFile; fileRef = 70C76AF229F4D00300AAF720 /* MainViewController.swift */; };
/* End PBXBuildFile section */

/* Begin PBXFileReference section */
		02528E3E29E89BAD0058878D /* FoodChoice.app */ = {isa = PBXFileReference; explicitFileType = wrapper.application; includeInIndex = 0; path = FoodChoice.app; sourceTree = BUILT_PRODUCTS_DIR; };
		02528E4129E89BAD0058878D /* AppDelegate.swift */ = {isa = PBXFileReference; lastKnownFileType = sourcecode.swift; path = AppDelegate.swift; sourceTree = "<group>"; };
		02528E4329E89BAD0058878D /* SceneDelegate.swift */ = {isa = PBXFileReference; lastKnownFileType = sourcecode.swift; path = SceneDelegate.swift; sourceTree = "<group>"; };
		02528E4529E89BAD0058878D /* LoginViewController.swift */ = {isa = PBXFileReference; lastKnownFileType = sourcecode.swift; path = LoginViewController.swift; sourceTree = "<group>"; };
		02528E4829E89BAD0058878D /* Base */ = {isa = PBXFileReference; lastKnownFileType = file.storyboard; name = Base; path = Base.lproj/Main.storyboard; sourceTree = "<group>"; };
		02528E4A29E89BAF0058878D /* Assets.xcassets */ = {isa = PBXFileReference; lastKnownFileType = folder.assetcatalog; path = Assets.xcassets; sourceTree = "<group>"; };
		02528E4D29E89BAF0058878D /* Base */ = {isa = PBXFileReference; lastKnownFileType = file.storyboard; name = Base; path = Base.lproj/LaunchScreen.storyboard; sourceTree = "<group>"; };
		02528E4F29E89BAF0058878D /* Info.plist */ = {isa = PBXFileReference; lastKnownFileType = text.plist.xml; path = Info.plist; sourceTree = "<group>"; };
		02DCAF0729F699AA001ED6C0 /* UserViewController.swift */ = {isa = PBXFileReference; lastKnownFileType = sourcecode.swift; path = UserViewController.swift; sourceTree = "<group>"; };
		70C76AEE29F1BF5D00AAF720 /* User.swift */ = {isa = PBXFileReference; lastKnownFileType = sourcecode.swift; path = User.swift; sourceTree = "<group>"; };
		70C76AF029F1C20900AAF720 /* SignUpViewController.swift */ = {isa = PBXFileReference; lastKnownFileType = sourcecode.swift; path = SignUpViewController.swift; sourceTree = "<group>"; };
		70C76AF229F4D00300AAF720 /* MainViewController.swift */ = {isa = PBXFileReference; lastKnownFileType = sourcecode.swift; path = MainViewController.swift; sourceTree = "<group>"; };
/* End PBXFileReference section */

/* Begin PBXFrameworksBuildPhase section */
		02528E3B29E89BAD0058878D /* Frameworks */ = {
			isa = PBXFrameworksBuildPhase;
			buildActionMask = 2147483647;
			files = (
				70C76AEC29F1B17E00AAF720 /* ParseSwift in Frameworks */,
			);
			runOnlyForDeploymentPostprocessing = 0;
		};
/* End PBXFrameworksBuildPhase section */

/* Begin PBXGroup section */
		02528E3529E89BAD0058878D = {
			isa = PBXGroup;
			children = (
				02528E4029E89BAD0058878D /* FoodChoice */,
				02528E3F29E89BAD0058878D /* Products */,
			);
			sourceTree = "<group>";
		};
		02528E3F29E89BAD0058878D /* Products */ = {
			isa = PBXGroup;
			children = (
				02528E3E29E89BAD0058878D /* FoodChoice.app */,
			);
			name = Products;
			sourceTree = "<group>";
		};
		02528E4029E89BAD0058878D /* FoodChoice */ = {
			isa = PBXGroup;
			children = (
				70C76AED29F1BD9200AAF720 /* models */,
				02528E4129E89BAD0058878D /* AppDelegate.swift */,
				70C76AF229F4D00300AAF720 /* MainViewController.swift */,
				02528E4329E89BAD0058878D /* SceneDelegate.swift */,
				02528E4529E89BAD0058878D /* LoginViewController.swift */,
				02528E4729E89BAD0058878D /* Main.storyboard */,
				02528E4A29E89BAF0058878D /* Assets.xcassets */,
				02528E4C29E89BAF0058878D /* LaunchScreen.storyboard */,
				02528E4F29E89BAF0058878D /* Info.plist */,
				70C76AF029F1C20900AAF720 /* SignUpViewController.swift */,
				02DCAF0729F699AA001ED6C0 /* UserViewController.swift */,
			);
			path = FoodChoice;
			sourceTree = "<group>";
		};
		70C76AED29F1BD9200AAF720 /* models */ = {
			isa = PBXGroup;
			children = (
				70C76AEE29F1BF5D00AAF720 /* User.swift */,
			);
			path = models;
			sourceTree = "<group>";
		};
/* End PBXGroup section */

/* Begin PBXNativeTarget section */
		02528E3D29E89BAD0058878D /* FoodChoice */ = {
			isa = PBXNativeTarget;
			buildConfigurationList = 02528E5229E89BAF0058878D /* Build configuration list for PBXNativeTarget "FoodChoice" */;
			buildPhases = (
				02528E3A29E89BAD0058878D /* Sources */,
				02528E3B29E89BAD0058878D /* Frameworks */,
				02528E3C29E89BAD0058878D /* Resources */,
			);
			buildRules = (
			);
			dependencies = (
			);
			name = FoodChoice;
			packageProductDependencies = (
				70C76AEB29F1B17E00AAF720 /* ParseSwift */,
			);
			productName = FoodChoice;
			productReference = 02528E3E29E89BAD0058878D /* FoodChoice.app */;
			productType = "com.apple.product-type.application";
		};
/* End PBXNativeTarget section */

/* Begin PBXProject section */
		02528E3629E89BAD0058878D /* Project object */ = {
			isa = PBXProject;
			attributes = {
				BuildIndependentTargetsInParallel = 1;
				LastSwiftUpdateCheck = 1420;
				LastUpgradeCheck = 1420;
				TargetAttributes = {
					02528E3D29E89BAD0058878D = {
						CreatedOnToolsVersion = 14.2;
					};
				};
			};
			buildConfigurationList = 02528E3929E89BAD0058878D /* Build configuration list for PBXProject "FoodChoice" */;
			compatibilityVersion = "Xcode 14.0";
			developmentRegion = en;
			hasScannedForEncodings = 0;
			knownRegions = (
				en,
				Base,
			);
			mainGroup = 02528E3529E89BAD0058878D;
			packageReferences = (
				70C76AEA29F1B17E00AAF720 /* XCRemoteSwiftPackageReference "Parse-Swift" */,
			);
			productRefGroup = 02528E3F29E89BAD0058878D /* Products */;
			projectDirPath = "";
			projectRoot = "";
			targets = (
				02528E3D29E89BAD0058878D /* FoodChoice */,
			);
		};
/* End PBXProject section */

/* Begin PBXResourcesBuildPhase section */
		02528E3C29E89BAD0058878D /* Resources */ = {
			isa = PBXResourcesBuildPhase;
			buildActionMask = 2147483647;
			files = (
				02528E4E29E89BAF0058878D /* LaunchScreen.storyboard in Resources */,
				02528E4B29E89BAF0058878D /* Assets.xcassets in Resources */,
				02528E4929E89BAD0058878D /* Main.storyboard in Resources */,
			);
			runOnlyForDeploymentPostprocessing = 0;
		};
/* End PBXResourcesBuildPhase section */

/* Begin PBXSourcesBuildPhase section */
		02528E3A29E89BAD0058878D /* Sources */ = {
			isa = PBXSourcesBuildPhase;
			buildActionMask = 2147483647;
			files = (
				02DCAF0829F699AA001ED6C0 /* UserViewController.swift in Sources */,
				70C76AEF29F1BF5D00AAF720 /* User.swift in Sources */,
				02528E4629E89BAD0058878D /* LoginViewController.swift in Sources */,
				02528E4229E89BAD0058878D /* AppDelegate.swift in Sources */,
				70C76AF329F4D00300AAF720 /* MainViewController.swift in Sources */,
				02528E4429E89BAD0058878D /* SceneDelegate.swift in Sources */,
				70C76AF129F1C20900AAF720 /* SignUpViewController.swift in Sources */,
			);
			runOnlyForDeploymentPostprocessing = 0;
		};
/* End PBXSourcesBuildPhase section */

/* Begin PBXVariantGroup section */
		02528E4729E89BAD0058878D /* Main.storyboard */ = {
			isa = PBXVariantGroup;
			children = (
				02528E4829E89BAD0058878D /* Base */,
			);
			name = Main.storyboard;
			sourceTree = "<group>";
		};
		02528E4C29E89BAF0058878D /* LaunchScreen.storyboard */ = {
			isa = PBXVariantGroup;
			children = (
				02528E4D29E89BAF0058878D /* Base */,
			);
			name = LaunchScreen.storyboard;
			sourceTree = "<group>";
		};
/* End PBXVariantGroup section */

/* Begin XCBuildConfiguration section */
		02528E5029E89BAF0058878D /* Debug */ = {
			isa = XCBuildConfiguration;
			buildSettings = {
				ALWAYS_SEARCH_USER_PATHS = NO;
				CLANG_ANALYZER_NONNULL = YES;
				CLANG_ANALYZER_NUMBER_OBJECT_CONVERSION = YES_AGGRESSIVE;
				CLANG_CXX_LANGUAGE_STANDARD = "gnu++20";
				CLANG_ENABLE_MODULES = YES;
				CLANG_ENABLE_OBJC_ARC = YES;
				CLANG_ENABLE_OBJC_WEAK = YES;
				CLANG_WARN_BLOCK_CAPTURE_AUTORELEASING = YES;
				CLANG_WARN_BOOL_CONVERSION = YES;
				CLANG_WARN_COMMA = YES;
				CLANG_WARN_CONSTANT_CONVERSION = YES;
				CLANG_WARN_DEPRECATED_OBJC_IMPLEMENTATIONS = YES;
				CLANG_WARN_DIRECT_OBJC_ISA_USAGE = YES_ERROR;
				CLANG_WARN_DOCUMENTATION_COMMENTS = YES;
				CLANG_WARN_EMPTY_BODY = YES;
				CLANG_WARN_ENUM_CONVERSION = YES;
				CLANG_WARN_INFINITE_RECURSION = YES;
				CLANG_WARN_INT_CONVERSION = YES;
				CLANG_WARN_NON_LITERAL_NULL_CONVERSION = YES;
				CLANG_WARN_OBJC_IMPLICIT_RETAIN_SELF = YES;
				CLANG_WARN_OBJC_LITERAL_CONVERSION = YES;
				CLANG_WARN_OBJC_ROOT_CLASS = YES_ERROR;
				CLANG_WARN_QUOTED_INCLUDE_IN_FRAMEWORK_HEADER = YES;
				CLANG_WARN_RANGE_LOOP_ANALYSIS = YES;
				CLANG_WARN_STRICT_PROTOTYPES = YES;
				CLANG_WARN_SUSPICIOUS_MOVE = YES;
				CLANG_WARN_UNGUARDED_AVAILABILITY = YES_AGGRESSIVE;
				CLANG_WARN_UNREACHABLE_CODE = YES;
				CLANG_WARN__DUPLICATE_METHOD_MATCH = YES;
				COPY_PHASE_STRIP = NO;
				DEBUG_INFORMATION_FORMAT = dwarf;
				ENABLE_STRICT_OBJC_MSGSEND = YES;
				ENABLE_TESTABILITY = YES;
				GCC_C_LANGUAGE_STANDARD = gnu11;
				GCC_DYNAMIC_NO_PIC = NO;
				GCC_NO_COMMON_BLOCKS = YES;
				GCC_OPTIMIZATION_LEVEL = 0;
				GCC_PREPROCESSOR_DEFINITIONS = (
					"DEBUG=1",
					"$(inherited)",
				);
				GCC_WARN_64_TO_32_BIT_CONVERSION = YES;
				GCC_WARN_ABOUT_RETURN_TYPE = YES_ERROR;
				GCC_WARN_UNDECLARED_SELECTOR = YES;
				GCC_WARN_UNINITIALIZED_AUTOS = YES_AGGRESSIVE;
				GCC_WARN_UNUSED_FUNCTION = YES;
				GCC_WARN_UNUSED_VARIABLE = YES;
				IPHONEOS_DEPLOYMENT_TARGET = 16.2;
				MTL_ENABLE_DEBUG_INFO = INCLUDE_SOURCE;
				MTL_FAST_MATH = YES;
				ONLY_ACTIVE_ARCH = YES;
				SDKROOT = iphoneos;
				SWIFT_ACTIVE_COMPILATION_CONDITIONS = DEBUG;
				SWIFT_OPTIMIZATION_LEVEL = "-Onone";
			};
			name = Debug;
		};
		02528E5129E89BAF0058878D /* Release */ = {
			isa = XCBuildConfiguration;
			buildSettings = {
				ALWAYS_SEARCH_USER_PATHS = NO;
				CLANG_ANALYZER_NONNULL = YES;
				CLANG_ANALYZER_NUMBER_OBJECT_CONVERSION = YES_AGGRESSIVE;
				CLANG_CXX_LANGUAGE_STANDARD = "gnu++20";
				CLANG_ENABLE_MODULES = YES;
				CLANG_ENABLE_OBJC_ARC = YES;
				CLANG_ENABLE_OBJC_WEAK = YES;
				CLANG_WARN_BLOCK_CAPTURE_AUTORELEASING = YES;
				CLANG_WARN_BOOL_CONVERSION = YES;
				CLANG_WARN_COMMA = YES;
				CLANG_WARN_CONSTANT_CONVERSION = YES;
				CLANG_WARN_DEPRECATED_OBJC_IMPLEMENTATIONS = YES;
				CLANG_WARN_DIRECT_OBJC_ISA_USAGE = YES_ERROR;
				CLANG_WARN_DOCUMENTATION_COMMENTS = YES;
				CLANG_WARN_EMPTY_BODY = YES;
				CLANG_WARN_ENUM_CONVERSION = YES;
				CLANG_WARN_INFINITE_RECURSION = YES;
				CLANG_WARN_INT_CONVERSION = YES;
				CLANG_WARN_NON_LITERAL_NULL_CONVERSION = YES;
				CLANG_WARN_OBJC_IMPLICIT_RETAIN_SELF = YES;
				CLANG_WARN_OBJC_LITERAL_CONVERSION = YES;
				CLANG_WARN_OBJC_ROOT_CLASS = YES_ERROR;
				CLANG_WARN_QUOTED_INCLUDE_IN_FRAMEWORK_HEADER = YES;
				CLANG_WARN_RANGE_LOOP_ANALYSIS = YES;
				CLANG_WARN_STRICT_PROTOTYPES = YES;
				CLANG_WARN_SUSPICIOUS_MOVE = YES;
				CLANG_WARN_UNGUARDED_AVAILABILITY = YES_AGGRESSIVE;
				CLANG_WARN_UNREACHABLE_CODE = YES;
				CLANG_WARN__DUPLICATE_METHOD_MATCH = YES;
				COPY_PHASE_STRIP = NO;
				DEBUG_INFORMATION_FORMAT = "dwarf-with-dsym";
				ENABLE_NS_ASSERTIONS = NO;
				ENABLE_STRICT_OBJC_MSGSEND = YES;
				GCC_C_LANGUAGE_STANDARD = gnu11;
				GCC_NO_COMMON_BLOCKS = YES;
				GCC_WARN_64_TO_32_BIT_CONVERSION = YES;
				GCC_WARN_ABOUT_RETURN_TYPE = YES_ERROR;
				GCC_WARN_UNDECLARED_SELECTOR = YES;
				GCC_WARN_UNINITIALIZED_AUTOS = YES_AGGRESSIVE;
				GCC_WARN_UNUSED_FUNCTION = YES;
				GCC_WARN_UNUSED_VARIABLE = YES;
				IPHONEOS_DEPLOYMENT_TARGET = 16.2;
				MTL_ENABLE_DEBUG_INFO = NO;
				MTL_FAST_MATH = YES;
				SDKROOT = iphoneos;
				SWIFT_COMPILATION_MODE = wholemodule;
				SWIFT_OPTIMIZATION_LEVEL = "-O";
				VALIDATE_PRODUCT = YES;
			};
			name = Release;
		};
		02528E5329E89BAF0058878D /* Debug */ = {
			isa = XCBuildConfiguration;
			buildSettings = {
				ASSETCATALOG_COMPILER_APPICON_NAME = AppIcon;
				ASSETCATALOG_COMPILER_GLOBAL_ACCENT_COLOR_NAME = AccentColor;
				CODE_SIGN_STYLE = Automatic;
				CURRENT_PROJECT_VERSION = 1;
				DEVELOPMENT_TEAM = A6G55J69WD;
				GENERATE_INFOPLIST_FILE = YES;
				INFOPLIST_FILE = FoodChoice/Info.plist;
				INFOPLIST_KEY_UIApplicationSupportsIndirectInputEvents = YES;
				INFOPLIST_KEY_UILaunchStoryboardName = Main.storyboard;
				INFOPLIST_KEY_UIMainStoryboardFile = Main;
				INFOPLIST_KEY_UISupportedInterfaceOrientations_iPad = "UIInterfaceOrientationPortrait UIInterfaceOrientationPortraitUpsideDown UIInterfaceOrientationLandscapeLeft UIInterfaceOrientationLandscapeRight";
				INFOPLIST_KEY_UISupportedInterfaceOrientations_iPhone = "UIInterfaceOrientationPortrait UIInterfaceOrientationLandscapeLeft UIInterfaceOrientationLandscapeRight";
				LD_RUNPATH_SEARCH_PATHS = (
					"$(inherited)",
					"@executable_path/Frameworks",
				);
				MARKETING_VERSION = 1.0;
				PRODUCT_BUNDLE_IDENTIFIER = Project.FoodChoice;
				PRODUCT_NAME = "$(TARGET_NAME)";
				SWIFT_EMIT_LOC_STRINGS = YES;
				SWIFT_VERSION = 5.0;
				TARGETED_DEVICE_FAMILY = "1,2";
			};
			name = Debug;
		};
		02528E5429E89BAF0058878D /* Release */ = {
			isa = XCBuildConfiguration;
			buildSettings = {
				ASSETCATALOG_COMPILER_APPICON_NAME = AppIcon;
				ASSETCATALOG_COMPILER_GLOBAL_ACCENT_COLOR_NAME = AccentColor;
				CODE_SIGN_STYLE = Automatic;
				CURRENT_PROJECT_VERSION = 1;
				DEVELOPMENT_TEAM = A6G55J69WD;
				GENERATE_INFOPLIST_FILE = YES;
				INFOPLIST_FILE = FoodChoice/Info.plist;
				INFOPLIST_KEY_UIApplicationSupportsIndirectInputEvents = YES;
				INFOPLIST_KEY_UILaunchStoryboardName = Main.storyboard;
				INFOPLIST_KEY_UIMainStoryboardFile = Main;
				INFOPLIST_KEY_UISupportedInterfaceOrientations_iPad = "UIInterfaceOrientationPortrait UIInterfaceOrientationPortraitUpsideDown UIInterfaceOrientationLandscapeLeft UIInterfaceOrientationLandscapeRight";
				INFOPLIST_KEY_UISupportedInterfaceOrientations_iPhone = "UIInterfaceOrientationPortrait UIInterfaceOrientationLandscapeLeft UIInterfaceOrientationLandscapeRight";
				LD_RUNPATH_SEARCH_PATHS = (
					"$(inherited)",
					"@executable_path/Frameworks",
				);
				MARKETING_VERSION = 1.0;
				PRODUCT_BUNDLE_IDENTIFIER = Project.FoodChoice;
				PRODUCT_NAME = "$(TARGET_NAME)";
				SWIFT_EMIT_LOC_STRINGS = YES;
				SWIFT_VERSION = 5.0;
				TARGETED_DEVICE_FAMILY = "1,2";
			};
			name = Release;
		};
/* End XCBuildConfiguration section */

/* Begin XCConfigurationList section */
		02528E3929E89BAD0058878D /* Build configuration list for PBXProject "FoodChoice" */ = {
			isa = XCConfigurationList;
			buildConfigurations = (
				02528E5029E89BAF0058878D /* Debug */,
				02528E5129E89BAF0058878D /* Release */,
			);
			defaultConfigurationIsVisible = 0;
			defaultConfigurationName = Release;
		};
		02528E5229E89BAF0058878D /* Build configuration list for PBXNativeTarget "FoodChoice" */ = {
			isa = XCConfigurationList;
			buildConfigurations = (
				02528E5329E89BAF0058878D /* Debug */,
				02528E5429E89BAF0058878D /* Release */,
			);
			defaultConfigurationIsVisible = 0;
			defaultConfigurationName = Release;
		};
/* End XCConfigurationList section */

/* Begin XCRemoteSwiftPackageReference section */
		70C76AEA29F1B17E00AAF720 /* XCRemoteSwiftPackageReference "Parse-Swift" */ = {
			isa = XCRemoteSwiftPackageReference;
			repositoryURL = "https://github.com/parse-community/Parse-Swift";
			requirement = {
				kind = upToNextMajorVersion;
				minimumVersion = 4.0.0;
			};
		};
/* End XCRemoteSwiftPackageReference section */

/* Begin XCSwiftPackageProductDependency section */
		70C76AEB29F1B17E00AAF720 /* ParseSwift */ = {
			isa = XCSwiftPackageProductDependency;
			package = 70C76AEA29F1B17E00AAF720 /* XCRemoteSwiftPackageReference "Parse-Swift" */;
			productName = ParseSwift;
		};
/* End XCSwiftPackageProductDependency section */
	};
	rootObject = 02528E3629E89BAD0058878D /* Project object */;
}
